// !$*UTF8*$!
{
	archiveVersion = 1;
	classes = {
	};
	objectVersion = 77;
	objects = {

/* Begin PBXBuildFile section */
		9911949AFFA93BB4C968ECE3 /* GesturePhaseTracker.swift in Sources */ = {isa = PBXBuildFile; fileRef = AB6110C2B10CCD0DCDEC4FD4 /* GesturePhaseTracker.swift */; };
		9A30ACE62F7179F600D7E114 /* CalibrationAnalyzer.swift in Sources */ = {isa = PBXBuildFile; fileRef = 9A30ACE52F7179F600D7E114 /* CalibrationAnalyzer.swift */; };
		9A310A822F7013FE00E693C0 /* MLModelDocumentation.md in Resources */ = {isa = PBXBuildFile; fileRef = 9A310A812F7013FE00E693C0 /* MLModelDocumentation.md */; };
		9A310A842F70158A00E693C0 /* 训练步骤说明.md in Resources */ = {isa = PBXBuildFile; fileRef = 9A310A832F70158A00E693C0 /* 训练步骤说明.md */; };
		9A310A8D2F7026D200E693C0 /* ML_PIPELINE.md in Resources */ = {isa = PBXBuildFile; fileRef = 9A310A8C2F7026D200E693C0 /* ML_PIPELINE.md */; };
		9A310A932F702FF200E693C0 /* GestureClassifier.swift in Sources */ = {isa = PBXBuildFile; fileRef = 9A310A922F702FF200E693C0 /* GestureClassifier.swift */; };
		9A310A9C2F703F0E00E693C0 /* DISTANCE_MODEL_TRAINING.md in Resources */ = {isa = PBXBuildFile; fileRef = 9A310A9B2F703F0E00E693C0 /* DISTANCE_MODEL_TRAINING.md */; };
		9A9B4ABD2F6E3BAA00513B05 /* RealityKitContent in Frameworks */ = {isa = PBXBuildFile; productRef = 9A9B4ABC2F6E3BAA00513B05 /* RealityKitContent */; };
		9AEFFF3C2F71049700A20DBF /* AGENTS.md in Resources */ = {isa = PBXBuildFile; fileRef = 9AEFFF3B2F71049700A20DBF /* AGENTS.md */; };
		9AF7FD1C2F6E850400E53BD4 /* PinchDetectionImmersiveView.swift in Sources */ = {isa = PBXBuildFile; fileRef = 9AF7FD1B2F6E850400E53BD4 /* PinchDetectionImmersiveView.swift */; };
		9AF7FD1E2F6E8A2300E53BD4 /* CyberpunkTheme.swift in Sources */ = {isa = PBXBuildFile; fileRef = 9AF7FD1D2F6E8A2300E53BD4 /* CyberpunkTheme.swift */; };
		9AF7FD202F6E8A2400E53BD4 /* GlitchEffects.swift in Sources */ = {isa = PBXBuildFile; fileRef = 9AF7FD1F2F6E8A2400E53BD4 /* GlitchEffects.swift */; };
		9AF7FD222F6E8A6900E53BD4 /* HandIllustrationView.swift in Sources */ = {isa = PBXBuildFile; fileRef = 9AF7FD212F6E8A6900E53BD4 /* HandIllustrationView.swift */; };
		9AF7FD242F6E8B6000E53BD4 /* CalibrationData.swift in Sources */ = {isa = PBXBuildFile; fileRef = 9AF7FD232F6E8B6000E53BD4 /* CalibrationData.swift */; };
		9AF7FD262F6E8C2000E53BD4 /* CalibrationWaveView.swift in Sources */ = {isa = PBXBuildFile; fileRef = 9AF7FD252F6E8C2000E53BD4 /* CalibrationWaveView.swift */; };
		9AF7FD282F6E8C7E00E53BD4 /* CalibrationView.swift in Sources */ = {isa = PBXBuildFile; fileRef = 9AF7FD272F6E8C7E00E53BD4 /* CalibrationView.swift */; };
		CA000001000000000000000A /* VisionUI in Frameworks */ = {isa = PBXBuildFile; productRef = CA000002000000000000000A /* VisionUI */; };
/* End PBXBuildFile section */

/* Begin PBXContainerItemProxy section */
		9A9B4ACC2F6E3BAB00513B05 /* PBXContainerItemProxy */ = {
			isa = PBXContainerItemProxy;
			containerPortal = 9A9B4AAF2F6E3BAA00513B05 /* Project object */;
			proxyType = 1;
			remoteGlobalIDString = 9A9B4AB62F6E3BAA00513B05;
			remoteInfo = handtyping;
		};
/* End PBXContainerItemProxy section */

/* Begin PBXFileReference section */
		9A30ACE52F7179F600D7E114 /* CalibrationAnalyzer.swift */ = {isa = PBXFileReference; lastKnownFileType = sourcecode.swift; path = CalibrationAnalyzer.swift; sourceTree = "<group>"; };
		9A310A752F70048000E693C0 /* MLTrainingDataModels.swift */ = {isa = PBXFileReference; lastKnownFileType = sourcecode.swift; path = MLTrainingDataModels.swift; sourceTree = "<group>"; };
		9A310A762F7004EC00E693C0 /* main.swift */ = {isa = PBXFileReference; lastKnownFileType = sourcecode.swift; path = main.swift; sourceTree = "<group>"; };
		9A310A812F7013FE00E693C0 /* MLModelDocumentation.md */ = {isa = PBXFileReference; lastKnownFileType = net.daringfireball.markdown; path = MLModelDocumentation.md; sourceTree = "<group>"; };
		9A310A832F70158A00E693C0 /* 训练步骤说明.md */ = {isa = PBXFileReference; lastKnownFileType = net.daringfireball.markdown; path = "训练步骤说明.md"; sourceTree = "<group>"; };
		9A310A852F701C5C00E693C0 /* DataCleaner.swift */ = {isa = PBXFileReference; lastKnownFileType = sourcecode.swift; path = DataCleaner.swift; sourceTree = "<group>"; };
		9A310A8A2F7026AA00E693C0 /* train_quaternion.swift */ = {isa = PBXFileReference; lastKnownFileType = sourcecode.swift; path = train_quaternion.swift; sourceTree = "<group>"; };
		9A310A8B2F7026B400E693C0 /* MLTrainingDataModels_Mac.swift */ = {isa = PBXFileReference; lastKnownFileType = sourcecode.swift; path = MLTrainingDataModels_Mac.swift; sourceTree = "<group>"; };
		9A310A8C2F7026D200E693C0 /* ML_PIPELINE.md */ = {isa = PBXFileReference; lastKnownFileType = net.daringfireball.markdown; path = ML_PIPELINE.md; sourceTree = "<group>"; };
		9A310A922F702FF200E693C0 /* GestureClassifier.swift */ = {isa = PBXFileReference; lastKnownFileType = sourcecode.swift; path = GestureClassifier.swift; sourceTree = "<group>"; };
		9A310A9A2F703F0200E693C0 /* train_distance.swift */ = {isa = PBXFileReference; lastKnownFileType = sourcecode.swift; path = train_distance.swift; sourceTree = "<group>"; };
		9A310A9B2F703F0E00E693C0 /* DISTANCE_MODEL_TRAINING.md */ = {isa = PBXFileReference; lastKnownFileType = net.daringfireball.markdown; path = DISTANCE_MODEL_TRAINING.md; sourceTree = "<group>"; };
		9A310A9D2F70403D00E693C0 /* convert_to_csv.py */ = {isa = PBXFileReference; lastKnownFileType = text.script.python; path = convert_to_csv.py; sourceTree = "<group>"; };
		9A310A9E2F70404900E693C0 /* train_simple.swift */ = {isa = PBXFileReference; lastKnownFileType = sourcecode.swift; path = train_simple.swift; sourceTree = "<group>"; };
		9A9B4AB72F6E3BAA00513B05 /* handtyping.app */ = {isa = PBXFileReference; explicitFileType = wrapper.application; includeInIndex = 0; path = handtyping.app; sourceTree = BUILT_PRODUCTS_DIR; };
		9A9B4ABB2F6E3BAA00513B05 /* RealityKitContent */ = {isa = PBXFileReference; lastKnownFileType = wrapper; path = RealityKitContent; sourceTree = "<group>"; };
		9A9B4ACB2F6E3BAB00513B05 /* handtypingTests.xctest */ = {isa = PBXFileReference; explicitFileType = wrapper.cfbundle; includeInIndex = 0; path = handtypingTests.xctest; sourceTree = BUILT_PRODUCTS_DIR; };
		9AEFFF3B2F71049700A20DBF /* AGENTS.md */ = {isa = PBXFileReference; lastKnownFileType = net.daringfireball.markdown; path = AGENTS.md; sourceTree = "<group>"; };
		9AF7FD1B2F6E850400E53BD4 /* PinchDetectionImmersiveView.swift */ = {isa = PBXFileReference; lastKnownFileType = sourcecode.swift; path = PinchDetectionImmersiveView.swift; sourceTree = "<group>"; };
		9AF7FD1D2F6E8A2300E53BD4 /* CyberpunkTheme.swift */ = {isa = PBXFileReference; lastKnownFileType = sourcecode.swift; path = CyberpunkTheme.swift; sourceTree = "<group>"; };
		9AF7FD1F2F6E8A2400E53BD4 /* GlitchEffects.swift */ = {isa = PBXFileReference; lastKnownFileType = sourcecode.swift; path = GlitchEffects.swift; sourceTree = "<group>"; };
		9AF7FD212F6E8A6900E53BD4 /* HandIllustrationView.swift */ = {isa = PBXFileReference; lastKnownFileType = sourcecode.swift; path = HandIllustrationView.swift; sourceTree = "<group>"; };
		9AF7FD232F6E8B6000E53BD4 /* CalibrationData.swift */ = {isa = PBXFileReference; lastKnownFileType = sourcecode.swift; path = CalibrationData.swift; sourceTree = "<group>"; };
		9AF7FD252F6E8C2000E53BD4 /* CalibrationWaveView.swift */ = {isa = PBXFileReference; lastKnownFileType = sourcecode.swift; path = CalibrationWaveView.swift; sourceTree = "<group>"; };
		9AF7FD272F6E8C7E00E53BD4 /* CalibrationView.swift */ = {isa = PBXFileReference; lastKnownFileType = sourcecode.swift; path = CalibrationView.swift; sourceTree = "<group>"; };
		AB6110C2B10CCD0DCDEC4FD4 /* GesturePhaseTracker.swift */ = {isa = PBXFileReference; lastKnownFileType = sourcecode.swift; path = GesturePhaseTracker.swift; sourceTree = "<group>"; };
		CA000003000000000000000A /* VisionOS-UI-Framework */ = {isa = PBXFileReference; lastKnownFileType = wrapper; path = "VisionOS-UI-Framework"; sourceTree = "<group>"; };
/* End PBXFileReference section */

/* Begin PBXFileSystemSynchronizedBuildFileExceptionSet section */
		9A9B4AD12F6E3BAB00513B05 /* Exceptions for "handtyping" folder in "handtyping" target */ = {
			isa = PBXFileSystemSynchronizedBuildFileExceptionSet;
			membershipExceptions = (
				Info.plist,
			);
			target = 9A9B4AB62F6E3BAA00513B05 /* handtyping */;
		};
/* End PBXFileSystemSynchronizedBuildFileExceptionSet section */

/* Begin PBXFileSystemSynchronizedRootGroup section */
		9A9B4AB92F6E3BAA00513B05 /* handtyping */ = {
			isa = PBXFileSystemSynchronizedRootGroup;
			exceptions = (
				9A9B4AD12F6E3BAB00513B05 /* Exceptions for "handtyping" folder in "handtyping" target */,
			);
			path = handtyping;
			sourceTree = "<group>";
		};
		9A9B4ACE2F6E3BAB00513B05 /* handtypingTests */ = {
			isa = PBXFileSystemSynchronizedRootGroup;
			path = handtypingTests;
			sourceTree = "<group>";
		};
/* End PBXFileSystemSynchronizedRootGroup section */

/* Begin PBXFrameworksBuildPhase section */
		9A9B4AB42F6E3BAA00513B05 /* Frameworks */ = {
			isa = PBXFrameworksBuildPhase;
			buildActionMask = 2147483647;
			files = (
				CA000001000000000000000A /* VisionUI in Frameworks */,
				9A9B4ABD2F6E3BAA00513B05 /* RealityKitContent in Frameworks */,
			);
			runOnlyForDeploymentPostprocessing = 0;
		};
		9A9B4AC82F6E3BAB00513B05 /* Frameworks */ = {
			isa = PBXFrameworksBuildPhase;
			buildActionMask = 2147483647;
			files = (
			);
			runOnlyForDeploymentPostprocessing = 0;
		};
/* End PBXFrameworksBuildPhase section */

/* Begin PBXGroup section */
		9A310A742F70045100E693C0 /* MLTrainingTool 2 */ = {
			isa = PBXGroup;
			children = (
				9A310A752F70048000E693C0 /* MLTrainingDataModels.swift */,
				9A310A762F7004EC00E693C0 /* main.swift */,
				9A310A852F701C5C00E693C0 /* DataCleaner.swift */,
				9A310A8A2F7026AA00E693C0 /* train_quaternion.swift */,
				9A310A8B2F7026B400E693C0 /* MLTrainingDataModels_Mac.swift */,
				9A310A9A2F703F0200E693C0 /* train_distance.swift */,
				9A310A9D2F70403D00E693C0 /* convert_to_csv.py */,
				9A310A9E2F70404900E693C0 /* train_simple.swift */,
			);
			path = "MLTrainingTool 2";
			sourceTree = "<group>";
		};
		9A9B4AAE2F6E3BAA00513B05 = {
			isa = PBXGroup;
			children = (
				9A9B4AB92F6E3BAA00513B05 /* handtyping */,
				9A9B4ABA2F6E3BAA00513B05 /* Packages */,
				9A9B4ACE2F6E3BAB00513B05 /* handtypingTests */,
				9A9B4AB82F6E3BAA00513B05 /* Products */,
				9AF7FD1B2F6E850400E53BD4 /* PinchDetectionImmersiveView.swift */,
				9AF7FD1D2F6E8A2300E53BD4 /* CyberpunkTheme.swift */,
				9AF7FD1F2F6E8A2400E53BD4 /* GlitchEffects.swift */,
				9AF7FD212F6E8A6900E53BD4 /* HandIllustrationView.swift */,
				9AF7FD232F6E8B6000E53BD4 /* CalibrationData.swift */,
				9AF7FD252F6E8C2000E53BD4 /* CalibrationWaveView.swift */,
				9AF7FD272F6E8C7E00E53BD4 /* CalibrationView.swift */,
				9A310A742F70045100E693C0 /* MLTrainingTool 2 */,
				9A310A812F7013FE00E693C0 /* MLModelDocumentation.md */,
				9A310A832F70158A00E693C0 /* 训练步骤说明.md */,
				9A310A8C2F7026D200E693C0 /* ML_PIPELINE.md */,
				9A310A922F702FF200E693C0 /* GestureClassifier.swift */,
				AB6110C2B10CCD0DCDEC4FD4 /* GesturePhaseTracker.swift */,
				9A310A9B2F703F0E00E693C0 /* DISTANCE_MODEL_TRAINING.md */,
				9AEFFF3B2F71049700A20DBF /* AGENTS.md */,
				9A30ACE52F7179F600D7E114 /* CalibrationAnalyzer.swift */,
			);
			sourceTree = "<group>";
		};
		9A9B4AB82F6E3BAA00513B05 /* Products */ = {
			isa = PBXGroup;
			children = (
				9A9B4AB72F6E3BAA00513B05 /* handtyping.app */,
				9A9B4ACB2F6E3BAB00513B05 /* handtypingTests.xctest */,
			);
			name = Products;
			sourceTree = "<group>";
		};
		9A9B4ABA2F6E3BAA00513B05 /* Packages */ = {
			isa = PBXGroup;
			children = (
				9A9B4ABB2F6E3BAA00513B05 /* RealityKitContent */,
				CA000003000000000000000A /* VisionOS-UI-Framework */,
			);
			path = Packages;
			sourceTree = "<group>";
		};
/* End PBXGroup section */

/* Begin PBXNativeTarget section */
		9A9B4AB62F6E3BAA00513B05 /* handtyping */ = {
			isa = PBXNativeTarget;
			buildConfigurationList = 9A9B4AD22F6E3BAB00513B05 /* Build configuration list for PBXNativeTarget "handtyping" */;
			buildPhases = (
				9A9B4AB32F6E3BAA00513B05 /* Sources */,
				9A9B4AB42F6E3BAA00513B05 /* Frameworks */,
				9A9B4AB52F6E3BAA00513B05 /* Resources */,
			);
			buildRules = (
			);
			dependencies = (
			);
			fileSystemSynchronizedGroups = (
				9A9B4AB92F6E3BAA00513B05 /* handtyping */,
			);
			name = handtyping;
			packageProductDependencies = (
				9A9B4ABC2F6E3BAA00513B05 /* RealityKitContent */,
				CA000002000000000000000A /* VisionUI */,
			);
			productName = handtyping;
			productReference = 9A9B4AB72F6E3BAA00513B05 /* handtyping.app */;
			productType = "com.apple.product-type.application";
		};
		9A9B4ACA2F6E3BAB00513B05 /* handtypingTests */ = {
			isa = PBXNativeTarget;
			buildConfigurationList = 9A9B4AD72F6E3BAB00513B05 /* Build configuration list for PBXNativeTarget "handtypingTests" */;
			buildPhases = (
				9A9B4AC72F6E3BAB00513B05 /* Sources */,
				9A9B4AC82F6E3BAB00513B05 /* Frameworks */,
				9A9B4AC92F6E3BAB00513B05 /* Resources */,
			);
			buildRules = (
			);
			dependencies = (
				9A9B4ACD2F6E3BAB00513B05 /* PBXTargetDependency */,
			);
			fileSystemSynchronizedGroups = (
				9A9B4ACE2F6E3BAB00513B05 /* handtypingTests */,
			);
			name = handtypingTests;
			packageProductDependencies = (
			);
			productName = handtypingTests;
			productReference = 9A9B4ACB2F6E3BAB00513B05 /* handtypingTests.xctest */;
			productType = "com.apple.product-type.bundle.unit-test";
		};
/* End PBXNativeTarget section */

/* Begin PBXProject section */
		9A9B4AAF2F6E3BAA00513B05 /* Project object */ = {
			isa = PBXProject;
			attributes = {
				BuildIndependentTargetsInParallel = 1;
				LastSwiftUpdateCheck = 2630;
				LastUpgradeCheck = 2630;
				TargetAttributes = {
					9A9B4AB62F6E3BAA00513B05 = {
						CreatedOnToolsVersion = 26.3;
					};
					9A9B4ACA2F6E3BAB00513B05 = {
						CreatedOnToolsVersion = 26.3;
						TestTargetID = 9A9B4AB62F6E3BAA00513B05;
					};
				};
			};
			buildConfigurationList = 9A9B4AB22F6E3BAA00513B05 /* Build configuration list for PBXProject "handtyping" */;
			developmentRegion = "zh-Hans";
			hasScannedForEncodings = 0;
			knownRegions = (
				en,
				Base,
				"zh-Hans",
			);
			mainGroup = 9A9B4AAE2F6E3BAA00513B05;
			minimizedProjectReferenceProxies = 1;
			preferredProjectObjectVersion = 77;
			productRefGroup = 9A9B4AB82F6E3BAA00513B05 /* Products */;
			projectDirPath = "";
			projectRoot = "";
			targets = (
				9A9B4AB62F6E3BAA00513B05 /* handtyping */,
				9A9B4ACA2F6E3BAB00513B05 /* handtypingTests */,
			);
		};
/* End PBXProject section */

/* Begin PBXResourcesBuildPhase section */
		9A9B4AB52F6E3BAA00513B05 /* Resources */ = {
			isa = PBXResourcesBuildPhase;
			buildActionMask = 2147483647;
			files = (
				8D4D1FECBC3D4C93A5C52115 /* 2048.html in Resources */,
				E0395181B9104534A21E9001 /* snake.html in Resources */,
				F1B8C2D3A4E54F67B8D91234 /* tetris.html in Resources */,
				A2C9D3E4B5F61078C9E02345 /* breakout.html in Resources */,
				B3D0E4F5C6071189D0F13456 /* flappy.html in Resources */,
				C4E1F506D718229AE1023567 /* runner.html in Resources */,
				9A310A8D2F7026D200E693C0 /* ML_PIPELINE.md in Resources */,
				9A310A9C2F703F0E00E693C0 /* DISTANCE_MODEL_TRAINING.md in Resources */,
				9A310A842F70158A00E693C0 /* 训练步骤说明.md in Resources */,
				9A310A822F7013FE00E693C0 /* MLModelDocumentation.md in Resources */,
				9AEFFF3C2F71049700A20DBF /* AGENTS.md in Resources */,
			);
			runOnlyForDeploymentPostprocessing = 0;
		};
		9A9B4AC92F6E3BAB00513B05 /* Resources */ = {
			isa = PBXResourcesBuildPhase;
			buildActionMask = 2147483647;
			files = (
			);
			runOnlyForDeploymentPostprocessing = 0;
		};
/* End PBXResourcesBuildPhase section */

/* Begin PBXSourcesBuildPhase section */
		9A9B4AB32F6E3BAA00513B05 /* Sources */ = {
			isa = PBXSourcesBuildPhase;
			buildActionMask = 2147483647;
			files = (
				9AF7FD282F6E8C7E00E53BD4 /* CalibrationView.swift in Sources */,
				9AF7FD202F6E8A2400E53BD4 /* GlitchEffects.swift in Sources */,
				9A30ACE62F7179F600D7E114 /* CalibrationAnalyzer.swift in Sources */,
				9AF7FD222F6E8A6900E53BD4 /* HandIllustrationView.swift in Sources */,
				9AF7FD1C2F6E850400E53BD4 /* PinchDetectionImmersiveView.swift in Sources */,
				9AF7FD1E2F6E8A2300E53BD4 /* CyberpunkTheme.swift in Sources */,
				9A310A932F702FF200E693C0 /* GestureClassifier.swift in Sources */,
				9911949AFFA93BB4C968ECE3 /* GesturePhaseTracker.swift in Sources */,
				9AF7FD242F6E8B6000E53BD4 /* CalibrationData.swift in Sources */,
				9AF7FD262F6E8C2000E53BD4 /* CalibrationWaveView.swift in Sources */,
			);
			runOnlyForDeploymentPostprocessing = 0;
		};
		9A9B4AC72F6E3BAB00513B05 /* Sources */ = {
			isa = PBXSourcesBuildPhase;
			buildActionMask = 2147483647;
			files = (
			);
			runOnlyForDeploymentPostprocessing = 0;
		};
/* End PBXSourcesBuildPhase section */

/* Begin PBXTargetDependency section */
		9A9B4ACD2F6E3BAB00513B05 /* PBXTargetDependency */ = {
			isa = PBXTargetDependency;
			target = 9A9B4AB62F6E3BAA00513B05 /* handtyping */;
			targetProxy = 9A9B4ACC2F6E3BAB00513B05 /* PBXContainerItemProxy */;
		};
/* End PBXTargetDependency section */

/* Begin XCBuildConfiguration section */
		9A9B4AD32F6E3BAB00513B05 /* Debug */ = {
			isa = XCBuildConfiguration;
			buildSettings = {
				ASSETCATALOG_COMPILER_APPICON_NAME = AppIcon;
				ASSETCATALOG_COMPILER_GLOBAL_ACCENT_COLOR_NAME = AccentColor;
				CODE_SIGN_STYLE = Automatic;
				CURRENT_PROJECT_VERSION = 1;
				DEVELOPMENT_TEAM = G335FJTJ35;
				ENABLE_PREVIEWS = YES;
				GENERATE_INFOPLIST_FILE = YES;
				INFOPLIST_FILE = "$(TARGET_NAME)/Info.plist";
				LD_RUNPATH_SEARCH_PATHS = (
					"$(inherited)",
					"@executable_path/Frameworks",
				);
				MARKETING_VERSION = 1.0;
				PRODUCT_BUNDLE_IDENTIFIER = com.chimeta.handtyping.handtyping;
				PRODUCT_NAME = "$(TARGET_NAME)";
				STRING_CATALOG_GENERATE_SYMBOLS = YES;
				SUPPORTED_PLATFORMS = "xros xrsimulator";
				SWIFT_APPROACHABLE_CONCURRENCY = YES;
				SWIFT_DEFAULT_ACTOR_ISOLATION = MainActor;
				SWIFT_EMIT_LOC_STRINGS = YES;
				SWIFT_UPCOMING_FEATURE_MEMBER_IMPORT_VISIBILITY = YES;
				SWIFT_VERSION = 5.0;
				TARGETED_DEVICE_FAMILY = 7;
				XROS_DEPLOYMENT_TARGET = 26.0;
			};
			name = Debug;
		};
		9A9B4AD42F6E3BAB00513B05 /* Release */ = {
			isa = XCBuildConfiguration;
			buildSettings = {
				ASSETCATALOG_COMPILER_APPICON_NAME = AppIcon;
				ASSETCATALOG_COMPILER_GLOBAL_ACCENT_COLOR_NAME = AccentColor;
				CODE_SIGN_STYLE = Automatic;
				CURRENT_PROJECT_VERSION = 1;
				DEVELOPMENT_TEAM = G335FJTJ35;
				ENABLE_PREVIEWS = YES;
				GENERATE_INFOPLIST_FILE = YES;
				INFOPLIST_FILE = "$(TARGET_NAME)/Info.plist";
				LD_RUNPATH_SEARCH_PATHS = (
					"$(inherited)",
					"@executable_path/Frameworks",
				);
				MARKETING_VERSION = 1.0;
				PRODUCT_BUNDLE_IDENTIFIER = com.chimeta.handtyping.handtyping;
				PRODUCT_NAME = "$(TARGET_NAME)";
				STRING_CATALOG_GENERATE_SYMBOLS = YES;
				SUPPORTED_PLATFORMS = "xros xrsimulator";
				SWIFT_APPROACHABLE_CONCURRENCY = YES;
				SWIFT_DEFAULT_ACTOR_ISOLATION = MainActor;
				SWIFT_EMIT_LOC_STRINGS = YES;
				SWIFT_UPCOMING_FEATURE_MEMBER_IMPORT_VISIBILITY = YES;
				SWIFT_VERSION = 5.0;
				TARGETED_DEVICE_FAMILY = 7;
				XROS_DEPLOYMENT_TARGET = 26.0;
			};
			name = Release;
		};
		9A9B4AD52F6E3BAB00513B05 /* Debug */ = {
			isa = XCBuildConfiguration;
			buildSettings = {
				ALWAYS_SEARCH_USER_PATHS = NO;
				ASSETCATALOG_COMPILER_GENERATE_SWIFT_ASSET_SYMBOL_EXTENSIONS = YES;
				CLANG_ANALYZER_NONNULL = YES;
				CLANG_ANALYZER_NUMBER_OBJECT_CONVERSION = YES_AGGRESSIVE;
				CLANG_CXX_LANGUAGE_STANDARD = "gnu++20";
				CLANG_ENABLE_MODULES = YES;
				CLANG_ENABLE_OBJC_ARC = YES;
				CLANG_ENABLE_OBJC_WEAK = YES;
				CLANG_WARN_BLOCK_CAPTURE_AUTORELEASING = YES;
				CLANG_WARN_BOOL_CONVERSION = YES;
				CLANG_WARN_COMMA = YES;
				CLANG_WARN_CONSTANT_CONVERSION = YES;
				CLANG_WARN_DEPRECATED_OBJC_IMPLEMENTATIONS = YES;
				CLANG_WARN_DIRECT_OBJC_ISA_USAGE = YES_ERROR;
				CLANG_WARN_DOCUMENTATION_COMMENTS = YES;
				CLANG_WARN_EMPTY_BODY = YES;
				CLANG_WARN_ENUM_CONVERSION = YES;
				CLANG_WARN_INFINITE_RECURSION = YES;
				CLANG_WARN_INT_CONVERSION = YES;
				CLANG_WARN_NON_LITERAL_NULL_CONVERSION = YES;
				CLANG_WARN_OBJC_IMPLICIT_RETAIN_SELF = YES;
				CLANG_WARN_OBJC_LITERAL_CONVERSION = YES;
				CLANG_WARN_OBJC_ROOT_CLASS = YES_ERROR;
				CLANG_WARN_QUOTED_INCLUDE_IN_FRAMEWORK_HEADER = YES;
				CLANG_WARN_RANGE_LOOP_ANALYSIS = YES;
				CLANG_WARN_STRICT_PROTOTYPES = YES;
				CLANG_WARN_SUSPICIOUS_MOVE = YES;
				CLANG_WARN_UNGUARDED_AVAILABILITY = YES_AGGRESSIVE;
				CLANG_WARN_UNREACHABLE_CODE = YES;
				CLANG_WARN__DUPLICATE_METHOD_MATCH = YES;
				COPY_PHASE_STRIP = NO;
				DEBUG_INFORMATION_FORMAT = dwarf;
				ENABLE_STRICT_OBJC_MSGSEND = YES;
				ENABLE_TESTABILITY = YES;
				ENABLE_USER_SCRIPT_SANDBOXING = YES;
				GCC_C_LANGUAGE_STANDARD = gnu17;
				GCC_DYNAMIC_NO_PIC = NO;
				GCC_NO_COMMON_BLOCKS = YES;
				GCC_OPTIMIZATION_LEVEL = 0;
				GCC_PREPROCESSOR_DEFINITIONS = (
					"DEBUG=1",
					"$(inherited)",
				);
				GCC_WARN_64_TO_32_BIT_CONVERSION = YES;
				GCC_WARN_ABOUT_RETURN_TYPE = YES_ERROR;
				GCC_WARN_UNDECLARED_SELECTOR = YES;
				GCC_WARN_UNINITIALIZED_AUTOS = YES_AGGRESSIVE;
				GCC_WARN_UNUSED_FUNCTION = YES;
				GCC_WARN_UNUSED_VARIABLE = YES;
				LOCALIZATION_PREFERS_STRING_CATALOGS = YES;
				MTL_ENABLE_DEBUG_INFO = INCLUDE_SOURCE;
				MTL_FAST_MATH = YES;
				ONLY_ACTIVE_ARCH = YES;
				SDKROOT = xros;
				SWIFT_ACTIVE_COMPILATION_CONDITIONS = "DEBUG $(inherited)";
				SWIFT_OPTIMIZATION_LEVEL = "-Onone";
				XROS_DEPLOYMENT_TARGET = 26.2;
			};
			name = Debug;
		};
		9A9B4AD62F6E3BAB00513B05 /* Release */ = {
			isa = XCBuildConfiguration;
			buildSettings = {
				ALWAYS_SEARCH_USER_PATHS = NO;
				ASSETCATALOG_COMPILER_GENERATE_SWIFT_ASSET_SYMBOL_EXTENSIONS = YES;
				CLANG_ANALYZER_NONNULL = YES;
				CLANG_ANALYZER_NUMBER_OBJECT_CONVERSION = YES_AGGRESSIVE;
				CLANG_CXX_LANGUAGE_STANDARD = "gnu++20";
				CLANG_ENABLE_MODULES = YES;
				CLANG_ENABLE_OBJC_ARC = YES;
				CLANG_ENABLE_OBJC_WEAK = YES;
				CLANG_WARN_BLOCK_CAPTURE_AUTORELEASING = YES;
				CLANG_WARN_BOOL_CONVERSION = YES;
				CLANG_WARN_COMMA = YES;
				CLANG_WARN_CONSTANT_CONVERSION = YES;
				CLANG_WARN_DEPRECATED_OBJC_IMPLEMENTATIONS = YES;
				CLANG_WARN_DIRECT_OBJC_ISA_USAGE = YES_ERROR;
				CLANG_WARN_DOCUMENTATION_COMMENTS = YES;
				CLANG_WARN_EMPTY_BODY = YES;
				CLANG_WARN_ENUM_CONVERSION = YES;
				CLANG_WARN_INFINITE_RECURSION = YES;
				CLANG_WARN_INT_CONVERSION = YES;
				CLANG_WARN_NON_LITERAL_NULL_CONVERSION = YES;
				CLANG_WARN_OBJC_IMPLICIT_RETAIN_SELF = YES;
				CLANG_WARN_OBJC_LITERAL_CONVERSION = YES;
				CLANG_WARN_OBJC_ROOT_CLASS = YES_ERROR;
				CLANG_WARN_QUOTED_INCLUDE_IN_FRAMEWORK_HEADER = YES;
				CLANG_WARN_RANGE_LOOP_ANALYSIS = YES;
				CLANG_WARN_STRICT_PROTOTYPES = YES;
				CLANG_WARN_SUSPICIOUS_MOVE = YES;
				CLANG_WARN_UNGUARDED_AVAILABILITY = YES_AGGRESSIVE;
				CLANG_WARN_UNREACHABLE_CODE = YES;
				CLANG_WARN__DUPLICATE_METHOD_MATCH = YES;
				COPY_PHASE_STRIP = NO;
				DEBUG_INFORMATION_FORMAT = "dwarf-with-dsym";
				ENABLE_NS_ASSERTIONS = NO;
				ENABLE_STRICT_OBJC_MSGSEND = YES;
				ENABLE_USER_SCRIPT_SANDBOXING = YES;
				GCC_C_LANGUAGE_STANDARD = gnu17;
				GCC_NO_COMMON_BLOCKS = YES;
				GCC_WARN_64_TO_32_BIT_CONVERSION = YES;
				GCC_WARN_ABOUT_RETURN_TYPE = YES_ERROR;
				GCC_WARN_UNDECLARED_SELECTOR = YES;
				GCC_WARN_UNINITIALIZED_AUTOS = YES_AGGRESSIVE;
				GCC_WARN_UNUSED_FUNCTION = YES;
				GCC_WARN_UNUSED_VARIABLE = YES;
				LOCALIZATION_PREFERS_STRING_CATALOGS = YES;
				MTL_ENABLE_DEBUG_INFO = NO;
				MTL_FAST_MATH = YES;
				SDKROOT = xros;
				SWIFT_COMPILATION_MODE = wholemodule;
				VALIDATE_PRODUCT = YES;
				XROS_DEPLOYMENT_TARGET = 26.2;
			};
			name = Release;
		};
		9A9B4AD82F6E3BAB00513B05 /* Debug */ = {
			isa = XCBuildConfiguration;
			buildSettings = {
				BUNDLE_LOADER = "$(TEST_HOST)";
				CODE_SIGN_STYLE = Automatic;
				CURRENT_PROJECT_VERSION = 1;
				DEVELOPMENT_TEAM = G335FJTJ35;
				GENERATE_INFOPLIST_FILE = YES;
				MARKETING_VERSION = 1.0;
				PRODUCT_BUNDLE_IDENTIFIER = com.chimeta.handtyping.handtypingTests;
				PRODUCT_NAME = "$(TARGET_NAME)";
				STRING_CATALOG_GENERATE_SYMBOLS = NO;
				SUPPORTED_PLATFORMS = "xros xrsimulator";
				SWIFT_APPROACHABLE_CONCURRENCY = YES;
				SWIFT_EMIT_LOC_STRINGS = NO;
				SWIFT_UPCOMING_FEATURE_MEMBER_IMPORT_VISIBILITY = YES;
				SWIFT_VERSION = 5.0;
				TARGETED_DEVICE_FAMILY = 7;
				TEST_HOST = "$(BUILT_PRODUCTS_DIR)/handtyping.app/$(BUNDLE_EXECUTABLE_FOLDER_PATH)/handtyping";
				XROS_DEPLOYMENT_TARGET = 26.2;
			};
			name = Debug;
		};
		9A9B4AD92F6E3BAB00513B05 /* Release */ = {
			isa = XCBuildConfiguration;
			buildSettings = {
				BUNDLE_LOADER = "$(TEST_HOST)";
				CODE_SIGN_STYLE = Automatic;
				CURRENT_PROJECT_VERSION = 1;
				GENERATE_INFOPLIST_FILE = YES;
				MARKETING_VERSION = 1.0;
				PRODUCT_BUNDLE_IDENTIFIER = com.chimeta.handtyping.handtypingTests;
				PRODUCT_NAME = "$(TARGET_NAME)";
				STRING_CATALOG_GENERATE_SYMBOLS = NO;
				SUPPORTED_PLATFORMS = "xros xrsimulator";
				SWIFT_APPROACHABLE_CONCURRENCY = YES;
				SWIFT_EMIT_LOC_STRINGS = NO;
				SWIFT_UPCOMING_FEATURE_MEMBER_IMPORT_VISIBILITY = YES;
				SWIFT_VERSION = 5.0;
				TARGETED_DEVICE_FAMILY = 7;
				TEST_HOST = "$(BUILT_PRODUCTS_DIR)/handtyping.app/$(BUNDLE_EXECUTABLE_FOLDER_PATH)/handtyping";
				XROS_DEPLOYMENT_TARGET = 26.2;
			};
			name = Release;
		};
/* End XCBuildConfiguration section */

/* Begin XCConfigurationList section */
		9A9B4AB22F6E3BAA00513B05 /* Build configuration list for PBXProject "handtyping" */ = {
			isa = XCConfigurationList;
			buildConfigurations = (
				9A9B4AD52F6E3BAB00513B05 /* Debug */,
				9A9B4AD62F6E3BAB00513B05 /* Release */,
			);
			defaultConfigurationIsVisible = 0;
			defaultConfigurationName = Release;
		};
		9A9B4AD22F6E3BAB00513B05 /* Build configuration list for PBXNativeTarget "handtyping" */ = {
			isa = XCConfigurationList;
			buildConfigurations = (
				9A9B4AD32F6E3BAB00513B05 /* Debug */,
				9A9B4AD42F6E3BAB00513B05 /* Release */,
			);
			defaultConfigurationIsVisible = 0;
			defaultConfigurationName = Release;
		};
		9A9B4AD72F6E3BAB00513B05 /* Build configuration list for PBXNativeTarget "handtypingTests" */ = {
			isa = XCConfigurationList;
			buildConfigurations = (
				9A9B4AD82F6E3BAB00513B05 /* Debug */,
				9A9B4AD92F6E3BAB00513B05 /* Release */,
			);
			defaultConfigurationIsVisible = 0;
			defaultConfigurationName = Release;
		};
/* End XCConfigurationList section */

/* Begin XCSwiftPackageProductDependency section */
		9A9B4ABC2F6E3BAA00513B05 /* RealityKitContent */ = {
			isa = XCSwiftPackageProductDependency;
			productName = RealityKitContent;
		};
		CA000002000000000000000A /* VisionUI */ = {
			isa = XCSwiftPackageProductDependency;
			productName = VisionUI;
		};
/* End XCSwiftPackageProductDependency section */
	};
	rootObject = 9A9B4AAF2F6E3BAA00513B05 /* Project object */;
}
